
Microsoft Visual Studio Solution File, Format Version 12.00
# Visual Studio Version 16
VisualStudioVersion = 16.0.31702.278
MinimumVisualStudioVersion = 10.0.40219.1
Project("{FAE04EC0-301F-11D3-BF4B-00C04F79EFBC}") = "lab2 C_sharp", "lab2 C_sharp\lab2 C_sharp.csproj", "{BC543C75-AF9C-4B2F-87AF-D5B121C52E8D}"
EndProject
Global
	GlobalSection(SolutionConfigurationPlatforms) = preSolution
		Debug|Any CPU = Debug|Any CPU
		Release|Any CPU = Release|Any CPU
	EndGlobalSection
	GlobalSection(ProjectConfigurationPlatforms) = postSolution
		{BC543C75-AF9C-4B2F-87AF-D5B121C52E8D}.Debug|Any CPU.ActiveCfg = Debug|Any CPU
		{BC543C75-AF9C-4B2F-87AF-D5B121C52E8D}.Debug|Any CPU.Build.0 = Debug|Any CPU
		{BC543C75-AF9C-4B2F-87AF-D5B121C52E8D}.Release|Any CPU.ActiveCfg = Release|Any CPU
		{BC543C75-AF9C-4B2F-87AF-D5B121C52E8D}.Release|Any CPU.Build.0 = Release|Any CPU
	EndGlobalSection
	GlobalSection(SolutionProperties) = preSolution
		HideSolutionNode = FALSE
	EndGlobalSection
	GlobalSection(ExtensibilityGlobals) = postSolution
		SolutionGuid = {123BD9EA-D00A-4C98-A600-799205DB8648}
	EndGlobalSection
EndGlobal
